
Microsoft Visual Studio Solution File, Format Version 12.00
# Visual Studio Version 16
VisualStudioVersion = 16.0.31112.23
MinimumVisualStudioVersion = 10.0.40219.1
Project("{FAE04EC0-301F-11D3-BF4B-00C04F79EFBC}") = "BlogProject", "BlogProject\BlogProject.csproj", "{3A0025A7-DF36-467C-B934-2DD5EA1459A2}"
EndProject
Global
	GlobalSection(SolutionConfigurationPlatforms) = preSolution
		Debug|Any CPU = Debug|Any CPU
		Release|Any CPU = Release|Any CPU
	EndGlobalSection
	GlobalSection(ProjectConfigurationPlatforms) = postSolution
		{3A0025A7-DF36-467C-B934-2DD5EA1459A2}.Debug|Any CPU.ActiveCfg = Debug|Any CPU
		{3A0025A7-DF36-467C-B934-2DD5EA1459A2}.Debug|Any CPU.Build.0 = Debug|Any CPU
		{3A0025A7-DF36-467C-B934-2DD5EA1459A2}.Release|Any CPU.ActiveCfg = Release|Any CPU
		{3A0025A7-DF36-467C-B934-2DD5EA1459A2}.Release|Any CPU.Build.0 = Release|Any CPU
	EndGlobalSection
	GlobalSection(SolutionProperties) = preSolution
		HideSolutionNode = FALSE
	EndGlobalSection
	GlobalSection(ExtensibilityGlobals) = postSolution
		SolutionGuid = {3A315014-1A09-4C03-8255-9D1541DACA25}
	EndGlobalSection
EndGlobal
